{
    "_meta": {
        "hash": {
            "sha256": "b7897b919dbab082f35bb49ef0d020d5ec8d79008284f08dd3aeeefdc76fa613"
        },
        "pipfile-spec": 6,
        "requires": {
            "python_version": "3.8"
        },
        "sources": [
            {
                "name": "pypi",
                "url": "https://pypi.org/simple",
                "verify_ssl": true
            }
        ]
    },
    "default": {
        "asgiref": {
            "hashes": [
                "sha256:4ef1ab46b484e3c706329cedeff284a5d40824200638503f5768edb6de7d58e9",
                "sha256:ffc141aa908e6f175673e7b1b3b7af4fdb0ecb738fc5c8b88f69f055c2415214"
            ],
            "markers": "python_version >= '3.6'",
            "version": "==3.4.1"
        },
        "click": {
            "hashes": [
                "sha256:d2b5255c7c6349bc1bd1e59e08cd12acbbd63ce649f2588755783aa94dfb6b1a",
                "sha256:dacca89f4bfadd5de3d7489b7c8a566eee0d3676333fbb50030263894c38c0dc"
            ],
            "markers": "python_version >= '2.7' and python_version not in '3.0, 3.1, 3.2, 3.3, 3.4'",
            "version": "==7.1.2"
        },
        "django": {
            "hashes": [
                "sha256:9f8be75646f62204320b195062b1d696ba28aa3d45ee72fb7c888ffaebc5bdb2",
                "sha256:a6e0d1ff11095b7394c079ade7094c73b2dc3df4a7a373c9b58ed73b77a97feb"
            ],
            "index": "pypi",
            "version": "==3.1.13"
        },
        "h11": {
            "hashes": [
                "sha256:33d4bca7be0fa039f4e84d50ab00531047e53d6ee8ffbc83501ea602c169cae1",
                "sha256:4bc6d6a1238b7615b266ada57e0618568066f57dd6fa967d1290ec9309b2f2f1"
            ],
            "version": "==0.9.0"
        },
        "httptools": {
            "hashes": [
                "sha256:07659649fe6b3948b6490825f89abe5eb1cec79ebfaaa0b4bf30f3f33f3c2ba8",
                "sha256:08b79e09114e6ab5c3dbf560bba2cb2257ea38cdaeaf99b7cb80d8f92622fcd9",
                "sha256:1e35aa179b67086cc600a984924a88589b90793c9c1b260152ca4908786e09df",
                "sha256:31629e1f1b89959f8c0927bad12184dc07977dcf71e24f4772934aa490aa199b",
                "sha256:851026bd63ec0af7e7592890d97d15c92b62d9e17094353f19a52c8e2b33710a",
                "sha256:8fcca4b7efe353b13a24017211334c57d055a6e132c7adffed13a10d28efca57",
                "sha256:9abd788465aa46a0f288bd3a99e53edd184177d6379e2098fd6097bb359ad9d6",
                "sha256:aebdf0bd7bf7c90ae6b3be458692bf6e9e5b610b501f9f74c7979015a51db4c4",
                "sha256:bda99a5723e7eab355ce57435c70853fc137a65aebf2f1cd4d15d96e2956da7b",
                "sha256:c1c63d860749841024951b0a78e4dec6f543d23751ef061d6ab60064c7b8b524",
                "sha256:c4111a0a8a00eff1e495d43ea5230aaf64968a48ddba8ea2d5f982efae827404",
                "sha256:dce59ee45dd6ee6c434346a5ac527c44014326f560866b4b2f414a692ee1aca8",
                "sha256:f759717ca1b2ef498c67ba4169c2b33eecf943a89f5329abcff8b89d153eb500",
                "sha256:fb7199b8fb0c50a22e77260bb59017e0c075fa80cb03bb2c8692de76e7bb7fe7",
                "sha256:fbf7ecd31c39728f251b1c095fd27c84e4d21f60a1d079a0333472ff3ae59d34"
            ],
            "markers": "sys_platform != 'win32' and sys_platform != 'cygwin' and platform_python_implementation != 'PyPy'",
            "version": "==0.1.2"
        },
        "mysqlclient": {
            "hashes": [
                "sha256:4c82187dd6ab3607150fbb1fa5ef4643118f3da122b8ba31c3149ddd9cf0cb39",
                "sha256:9e6080a7aee4cc6a06b58b59239f20f1d259c1d2fddf68ddeed242d2311c7087",
                "sha256:f3fdaa9a38752a3b214a6fe79d7cae3653731a53e577821f9187e67cbecb2e16",
                "sha256:f646f8d17d02be0872291f258cce3813497bc7888cd4712a577fd1e719b2f213"
            ],
            "index": "pypi",
            "version": "==1.4.6"
        },
        "pytz": {
            "hashes": [
                "sha256:83a4a90894bf38e243cf052c8b58f381bfe9a7a483f6a9cab140bc7f702ac4da",
                "sha256:eb10ce3e7736052ed3623d49975ce333bcd712c7bb19a58b9e2089d4057d0798"
            ],
            "version": "==2021.1"
        },
        "sqlparse": {
            "hashes": [
                "sha256:0c00730c74263a94e5a9919ade150dfc3b19c574389985446148402998287dae",
                "sha256:48719e356bb8b42991bdbb1e8b83223757b93789c00910a616a071910ca4a64d"
            ],
            "markers": "python_version >= '3.5'",
            "version": "==0.4.2"
        },
        "uvicorn": {
            "hashes": [
                "sha256:0f58170165c4495f563d8224b2f415a0829af0412baa034d6f777904613087fd",
                "sha256:6fdaf8e53bf1b2ddf0fe9ed06079b5348d7d1d87b3365fe2549e6de0d49e631c"
            ],
            "index": "pypi",
            "version": "==0.11.3"
        },
        "uvloop": {
            "hashes": [
                "sha256:04ff57aa137230d8cc968f03481176041ae789308b4d5079118331ab01112450",
                "sha256:089b4834fd299d82d83a25e3335372f12117a7d38525217c2258e9b9f4578897",
                "sha256:1e5f2e2ff51aefe6c19ee98af12b4ae61f5be456cd24396953244a30880ad861",
                "sha256:30ba9dcbd0965f5c812b7c2112a1ddf60cf904c1c160f398e7eed3a6b82dcd9c",
                "sha256:3a19828c4f15687675ea912cc28bbcb48e9bb907c801873bd1519b96b04fb805",
                "sha256:6224f1401025b748ffecb7a6e2652b17768f30b1a6a3f7b44660e5b5b690b12d",
                "sha256:647e481940379eebd314c00440314c81ea547aa636056f554d491e40503c8464",
                "sha256:6ccd57ae8db17d677e9e06192e9c9ec4bd2066b77790f9aa7dede2cc4008ee8f",
                "sha256:772206116b9b57cd625c8a88f2413df2fcfd0b496eb188b82a43bed7af2c2ec9",
                "sha256:8e0d26fa5875d43ddbb0d9d79a447d2ace4180d9e3239788208527c4784f7cab",
                "sha256:98d117332cc9e5ea8dfdc2b28b0a23f60370d02e1395f88f40d1effd2cb86c4f",
                "sha256:b572256409f194521a9895aef274cea88731d14732343da3ecdb175228881638",
                "sha256:bd53f7f5db562f37cd64a3af5012df8cac2c464c97e732ed556800129505bd64",
                "sha256:bd8f42ea1ea8f4e84d265769089964ddda95eb2bb38b5cbe26712b0616c3edee",
                "sha256:e814ac2c6f9daf4c36eb8e85266859f42174a4ff0d71b99405ed559257750382",
                "sha256:f74bc20c7b67d1c27c72601c78cf95be99d5c2cdd4514502b4f3eb0933ff1228"
            ],
            "markers": "sys_platform != 'win32' and sys_platform != 'cygwin' and platform_python_implementation != 'PyPy'",
            "version": "==0.16.0"
        },
        "websockets": {
            "hashes": [
                "sha256:0e4fb4de42701340bd2353bb2eee45314651caa6ccee80dbd5f5d5978888fed5",
                "sha256:1d3f1bf059d04a4e0eb4985a887d49195e15ebabc42364f4eb564b1d065793f5",
                "sha256:20891f0dddade307ffddf593c733a3fdb6b83e6f9eef85908113e628fa5a8308",
                "sha256:295359a2cc78736737dd88c343cd0747546b2174b5e1adc223824bcaf3e164cb",
                "sha256:2db62a9142e88535038a6bcfea70ef9447696ea77891aebb730a333a51ed559a",
                "sha256:3762791ab8b38948f0c4d281c8b2ddfa99b7e510e46bd8dfa942a5fff621068c",
                "sha256:3db87421956f1b0779a7564915875ba774295cc86e81bc671631379371af1170",
                "sha256:3ef56fcc7b1ff90de46ccd5a687bbd13a3180132268c4254fc0fa44ecf4fc422",
                "sha256:4f9f7d28ce1d8f1295717c2c25b732c2bc0645db3215cf757551c392177d7cb8",
                "sha256:5c01fd846263a75bc8a2b9542606927cfad57e7282965d96b93c387622487485",
                "sha256:5c65d2da8c6bce0fca2528f69f44b2f977e06954c8512a952222cea50dad430f",
                "sha256:751a556205d8245ff94aeef23546a1113b1dd4f6e4d102ded66c39b99c2ce6c8",
                "sha256:7ff46d441db78241f4c6c27b3868c9ae71473fe03341340d2dfdbe8d79310acc",
                "sha256:965889d9f0e2a75edd81a07592d0ced54daa5b0785f57dc429c378edbcffe779",
                "sha256:9b248ba3dd8a03b1a10b19efe7d4f7fa41d158fdaa95e2cf65af5a7b95a4f989",
                "sha256:9bef37ee224e104a413f0780e29adb3e514a5b698aabe0d969a6ba426b8435d1",
                "sha256:c1ec8db4fac31850286b7cd3b9c0e1b944204668b8eb721674916d4e28744092",
                "sha256:c8a116feafdb1f84607cb3b14aa1418424ae71fee131642fc568d21423b51824",
                "sha256:ce85b06a10fc65e6143518b96d3dca27b081a740bae261c2fb20375801a9d56d",
                "sha256:d705f8aeecdf3262379644e4b55107a3b55860eb812b673b28d0fbc347a60c55",
                "sha256:e898a0863421650f0bebac8ba40840fc02258ef4714cb7e1fd76b6a6354bda36",
                "sha256:f8a7bff6e8664afc4e6c28b983845c5bc14965030e3fb98789734d416af77c4b"
            ],
            "markers": "python_full_version >= '3.6.1'",
            "version": "==8.1"
        }
    },
    "develop": {}
}
